
Microsoft Visual Studio Solution File, Format Version 12.00
# Visual Studio Version 17
VisualStudioVersion = 17.9.34728.123
MinimumVisualStudioVersion = 10.0.40219.1
Project("{FAE04EC0-301F-11D3-BF4B-00C04F79EFBC}") = "TestResearchProject", "TestResearchProject\TestResearchProject.csproj", "{B50470CB-9E22-4F1E-BFFE-6516903EF840}"
EndProject
Global
	GlobalSection(SolutionConfigurationPlatforms) = preSolution
		Debug|Any CPU = Debug|Any CPU
		Release|Any CPU = Release|Any CPU
	EndGlobalSection
	GlobalSection(ProjectConfigurationPlatforms) = postSolution
		{B50470CB-9E22-4F1E-BFFE-6516903EF840}.Debug|Any CPU.ActiveCfg = Debug|Any CPU
		{B50470CB-9E22-4F1E-BFFE-6516903EF840}.Debug|Any CPU.Build.0 = Debug|Any CPU
		{B50470CB-9E22-4F1E-BFFE-6516903EF840}.Release|Any CPU.ActiveCfg = Release|Any CPU
		{B50470CB-9E22-4F1E-BFFE-6516903EF840}.Release|Any CPU.Build.0 = Release|Any CPU
	EndGlobalSection
	GlobalSection(SolutionProperties) = preSolution
		HideSolutionNode = FALSE
	EndGlobalSection
	GlobalSection(ExtensibilityGlobals) = postSolution
		SolutionGuid = {8C392E07-0E41-45ED-BA26-50C05A6BC93C}
	EndGlobalSection
EndGlobal
